
Microsoft Visual Studio Solution File, Format Version 12.00
# Visual Studio 2017
Project("{FAE04EC0-301F-11D3-BF4B-00C04F79EFBC}") = "Climb 1.010", "Climb 1.010.csproj", "{749BC320-9D01-8763-5C81-221BC9A0706B}"
EndProject
Global
	GlobalSection(SolutionConfigurationPlatforms) = preSolution
		Debug|Any CPU = Debug|Any CPU
		Release|Any CPU = Release|Any CPU
	EndGlobalSection
	GlobalSection(ProjectConfigurationPlatforms) = postSolution
		{749BC320-9D01-8763-5C81-221BC9A0706B}.Debug|Any CPU.ActiveCfg = Debug|Any CPU
		{749BC320-9D01-8763-5C81-221BC9A0706B}.Debug|Any CPU.Build.0 = Debug|Any CPU
		{749BC320-9D01-8763-5C81-221BC9A0706B}.Release|Any CPU.ActiveCfg = Release|Any CPU
		{749BC320-9D01-8763-5C81-221BC9A0706B}.Release|Any CPU.Build.0 = Release|Any CPU
	EndGlobalSection
	GlobalSection(SolutionProperties) = preSolution
		HideSolutionNode = FALSE
	EndGlobalSection
EndGlobal
