
Microsoft Visual Studio Solution File, Format Version 12.00
# Visual Studio 2017
Project("{FAE04EC0-301F-11D3-BF4B-00C04F79EFBC}") = "Climb 1.004", "Climb 1.004.csproj", "{22444F92-F192-2D93-0D8F-270F75BDB364}"
EndProject
Global
	GlobalSection(SolutionConfigurationPlatforms) = preSolution
		Debug|Any CPU = Debug|Any CPU
		Release|Any CPU = Release|Any CPU
	EndGlobalSection
	GlobalSection(ProjectConfigurationPlatforms) = postSolution
		{22444F92-F192-2D93-0D8F-270F75BDB364}.Debug|Any CPU.ActiveCfg = Debug|Any CPU
		{22444F92-F192-2D93-0D8F-270F75BDB364}.Debug|Any CPU.Build.0 = Debug|Any CPU
		{22444F92-F192-2D93-0D8F-270F75BDB364}.Release|Any CPU.ActiveCfg = Release|Any CPU
		{22444F92-F192-2D93-0D8F-270F75BDB364}.Release|Any CPU.Build.0 = Release|Any CPU
	EndGlobalSection
	GlobalSection(SolutionProperties) = preSolution
		HideSolutionNode = FALSE
	EndGlobalSection
EndGlobal
